{
    "_meta": {
        "hash": {
            "sha256": "6944f5639693f39c6ef847f26276079060140a448577622a3d7903a8a77d5a68"
        },
        "pipfile-spec": 6,
        "requires": {
            "python_version": "3.8.3"
        },
        "sources": [
            {
                "name": "pypi",
                "url": "https://pypi.org/simple",
                "verify_ssl": true
            }
        ]
    },
    "default": {},
    "develop": {}
}
